
Microsoft Visual Studio Solution File, Format Version 12.00
# Visual Studio Version 17
VisualStudioVersion = 17.9.34622.214
MinimumVisualStudioVersion = 10.0.40219.1
Project("{9A19103F-16F7-4668-BE54-9A1E7A4F7556}") = "MediportaZadRek", "MediportaZadRek\MediportaZadRek.csproj", "{CD64C91F-9321-40E8-A77E-BEB1C8CCD256}"
EndProject
Project("{9A19103F-16F7-4668-BE54-9A1E7A4F7556}") = "MediportaZadRek.Tests", "MediportaZadRek.Tests\MediportaZadRek.Tests.csproj", "{DB0D7E70-E1D7-4CF6-8C47-DA293791D6E6}"
EndProject
Project("{E53339B2-1760-4266-BCC7-CA923CBCF16C}") = "docker-compose", "docker-compose.dcproj", "{AD7ED762-9F8A-4E56-9266-2BD5FCA59818}"
EndProject
Global
	GlobalSection(SolutionConfigurationPlatforms) = preSolution
		Debug|Any CPU = Debug|Any CPU
		Release|Any CPU = Release|Any CPU
	EndGlobalSection
	GlobalSection(ProjectConfigurationPlatforms) = postSolution
		{CD64C91F-9321-40E8-A77E-BEB1C8CCD256}.Debug|Any CPU.ActiveCfg = Debug|Any CPU
		{CD64C91F-9321-40E8-A77E-BEB1C8CCD256}.Debug|Any CPU.Build.0 = Debug|Any CPU
		{CD64C91F-9321-40E8-A77E-BEB1C8CCD256}.Release|Any CPU.ActiveCfg = Release|Any CPU
		{CD64C91F-9321-40E8-A77E-BEB1C8CCD256}.Release|Any CPU.Build.0 = Release|Any CPU
		{DB0D7E70-E1D7-4CF6-8C47-DA293791D6E6}.Debug|Any CPU.ActiveCfg = Debug|Any CPU
		{DB0D7E70-E1D7-4CF6-8C47-DA293791D6E6}.Debug|Any CPU.Build.0 = Debug|Any CPU
		{DB0D7E70-E1D7-4CF6-8C47-DA293791D6E6}.Release|Any CPU.ActiveCfg = Release|Any CPU
		{DB0D7E70-E1D7-4CF6-8C47-DA293791D6E6}.Release|Any CPU.Build.0 = Release|Any CPU
		{AD7ED762-9F8A-4E56-9266-2BD5FCA59818}.Debug|Any CPU.ActiveCfg = Debug|Any CPU
		{AD7ED762-9F8A-4E56-9266-2BD5FCA59818}.Debug|Any CPU.Build.0 = Debug|Any CPU
		{AD7ED762-9F8A-4E56-9266-2BD5FCA59818}.Release|Any CPU.ActiveCfg = Release|Any CPU
		{AD7ED762-9F8A-4E56-9266-2BD5FCA59818}.Release|Any CPU.Build.0 = Release|Any CPU
	EndGlobalSection
	GlobalSection(SolutionProperties) = preSolution
		HideSolutionNode = FALSE
	EndGlobalSection
	GlobalSection(ExtensibilityGlobals) = postSolution
		SolutionGuid = {C1E82749-ABE6-4ABC-BF3F-4C6741975119}
	EndGlobalSection
EndGlobal
